
Microsoft Visual Studio Solution File, Format Version 12.00
# Visual Studio Version 17
VisualStudioVersion = 17.2.32526.322
MinimumVisualStudioVersion = 10.0.40219.1
Project("{9A19103F-16F7-4668-BE54-9A1E7A4F7556}") = "RazorPizzaApp", "RazorPizzaApp\RazorPizzaApp.csproj", "{35B28142-6693-424D-B35A-0E46FD2CC7BB}"
EndProject
Global
	GlobalSection(SolutionConfigurationPlatforms) = preSolution
		Debug|Any CPU = Debug|Any CPU
		Release|Any CPU = Release|Any CPU
	EndGlobalSection
	GlobalSection(ProjectConfigurationPlatforms) = postSolution
		{35B28142-6693-424D-B35A-0E46FD2CC7BB}.Debug|Any CPU.ActiveCfg = Debug|Any CPU
		{35B28142-6693-424D-B35A-0E46FD2CC7BB}.Debug|Any CPU.Build.0 = Debug|Any CPU
		{35B28142-6693-424D-B35A-0E46FD2CC7BB}.Release|Any CPU.ActiveCfg = Release|Any CPU
		{35B28142-6693-424D-B35A-0E46FD2CC7BB}.Release|Any CPU.Build.0 = Release|Any CPU
	EndGlobalSection
	GlobalSection(SolutionProperties) = preSolution
		HideSolutionNode = FALSE
	EndGlobalSection
	GlobalSection(ExtensibilityGlobals) = postSolution
		SolutionGuid = {48C3A0A9-1ACA-4BB6-8A11-1BB8B4118146}
	EndGlobalSection
EndGlobal
